// !$*UTF8*$!
{
	archiveVersion = 1;
	classes = {
	};
	objectVersion = 77;
	objects = {

/* Begin PBXBuildFile section */
		25C032B62F0CA5D800CA196B /* .swiftlint.yml in Resources */ = {isa = PBXBuildFile; fileRef = 25C032B52F0CA5D800CA196B /* .swiftlint.yml */; };
		25C032B72F0CA5D800CA196B /* .swiftlint.yml in Resources */ = {isa = PBXBuildFile; fileRef = 25C032B52F0CA5D800CA196B /* .swiftlint.yml */; };
		25C032B82F0CA5D800CA196B /* .swiftlint.yml in Resources */ = {isa = PBXBuildFile; fileRef = 25C032B52F0CA5D800CA196B /* .swiftlint.yml */; };
		81C597B1400A41C072371B10 /* Pods_ESTiOS5Team1.framework in Frameworks */ = {isa = PBXBuildFile; fileRef = 3D572A9C3B2508700F6FCB51 /* Pods_ESTiOS5Team1.framework */; };
		914F6A07FBF86FEA0CCB8DEC /* Pods_ESTiOS5Team1_ESTiOS5Team1UITests.framework in Frameworks */ = {isa = PBXBuildFile; fileRef = 6BA05120559926B6E3094874 /* Pods_ESTiOS5Team1_ESTiOS5Team1UITests.framework */; };
		953071FA9B9FEABCC94849DA /* Pods_ESTiOS5Team1Tests.framework in Frameworks */ = {isa = PBXBuildFile; fileRef = 033A77E8FC5DDD74415FB2BE /* Pods_ESTiOS5Team1Tests.framework */; };
/* End PBXBuildFile section */

/* Begin PBXContainerItemProxy section */
		25C032522F0C972500CA196B /* PBXContainerItemProxy */ = {
			isa = PBXContainerItemProxy;
			containerPortal = 25C0323A2F0C972400CA196B /* Project object */;
			proxyType = 1;
			remoteGlobalIDString = 25C032412F0C972400CA196B;
			remoteInfo = ESTiOS5Team1;
		};
		25C0325C2F0C972500CA196B /* PBXContainerItemProxy */ = {
			isa = PBXContainerItemProxy;
			containerPortal = 25C0323A2F0C972400CA196B /* Project object */;
			proxyType = 1;
			remoteGlobalIDString = 25C032412F0C972400CA196B;
			remoteInfo = ESTiOS5Team1;
		};
/* End PBXContainerItemProxy section */

/* Begin PBXFileReference section */
		033A77E8FC5DDD74415FB2BE /* Pods_ESTiOS5Team1Tests.framework */ = {isa = PBXFileReference; explicitFileType = wrapper.framework; includeInIndex = 0; path = Pods_ESTiOS5Team1Tests.framework; sourceTree = BUILT_PRODUCTS_DIR; };
		25C032422F0C972400CA196B /* ESTiOS5Team1.app */ = {isa = PBXFileReference; explicitFileType = wrapper.application; includeInIndex = 0; path = ESTiOS5Team1.app; sourceTree = BUILT_PRODUCTS_DIR; };
		25C032512F0C972500CA196B /* ESTiOS5Team1Tests.xctest */ = {isa = PBXFileReference; explicitFileType = wrapper.cfbundle; includeInIndex = 0; path = ESTiOS5Team1Tests.xctest; sourceTree = BUILT_PRODUCTS_DIR; };
		25C0325B2F0C972500CA196B /* ESTiOS5Team1UITests.xctest */ = {isa = PBXFileReference; explicitFileType = wrapper.cfbundle; includeInIndex = 0; path = ESTiOS5Team1UITests.xctest; sourceTree = BUILT_PRODUCTS_DIR; };
		25C032B52F0CA5D800CA196B /* .swiftlint.yml */ = {isa = PBXFileReference; lastKnownFileType = text.yaml; path = .swiftlint.yml; sourceTree = "<group>"; };
		2EDF40E1C49EF5BD94B8C084 /* Pods-ESTiOS5Team1.debug.xcconfig */ = {isa = PBXFileReference; includeInIndex = 1; lastKnownFileType = text.xcconfig; name = "Pods-ESTiOS5Team1.debug.xcconfig"; path = "Target Support Files/Pods-ESTiOS5Team1/Pods-ESTiOS5Team1.debug.xcconfig"; sourceTree = "<group>"; };
		3D572A9C3B2508700F6FCB51 /* Pods_ESTiOS5Team1.framework */ = {isa = PBXFileReference; explicitFileType = wrapper.framework; includeInIndex = 0; path = Pods_ESTiOS5Team1.framework; sourceTree = BUILT_PRODUCTS_DIR; };
		625583888641C904DC712DAE /* Pods-ESTiOS5Team1Tests.release.xcconfig */ = {isa = PBXFileReference; includeInIndex = 1; lastKnownFileType = text.xcconfig; name = "Pods-ESTiOS5Team1Tests.release.xcconfig"; path = "Target Support Files/Pods-ESTiOS5Team1Tests/Pods-ESTiOS5Team1Tests.release.xcconfig"; sourceTree = "<group>"; };
		6BA05120559926B6E3094874 /* Pods_ESTiOS5Team1_ESTiOS5Team1UITests.framework */ = {isa = PBXFileReference; explicitFileType = wrapper.framework; includeInIndex = 0; path = Pods_ESTiOS5Team1_ESTiOS5Team1UITests.framework; sourceTree = BUILT_PRODUCTS_DIR; };
		8836F5D8ED6FFEBD616F9889 /* Pods-ESTiOS5Team1-ESTiOS5Team1UITests.release.xcconfig */ = {isa = PBXFileReference; includeInIndex = 1; lastKnownFileType = text.xcconfig; name = "Pods-ESTiOS5Team1-ESTiOS5Team1UITests.release.xcconfig"; path = "Target Support Files/Pods-ESTiOS5Team1-ESTiOS5Team1UITests/Pods-ESTiOS5Team1-ESTiOS5Team1UITests.release.xcconfig"; sourceTree = "<group>"; };
		9EFA6D3996CE9A69529C3C72 /* Pods-ESTiOS5Team1.release.xcconfig */ = {isa = PBXFileReference; includeInIndex = 1; lastKnownFileType = text.xcconfig; name = "Pods-ESTiOS5Team1.release.xcconfig"; path = "Target Support Files/Pods-ESTiOS5Team1/Pods-ESTiOS5Team1.release.xcconfig"; sourceTree = "<group>"; };
		D183C7F226A3E2402E34D674 /* Pods-ESTiOS5Team1Tests.debug.xcconfig */ = {isa = PBXFileReference; includeInIndex = 1; lastKnownFileType = text.xcconfig; name = "Pods-ESTiOS5Team1Tests.debug.xcconfig"; path = "Target Support Files/Pods-ESTiOS5Team1Tests/Pods-ESTiOS5Team1Tests.debug.xcconfig"; sourceTree = "<group>"; };
		D5DE86A1FF51BCDFFDDF6223 /* Pods-ESTiOS5Team1-ESTiOS5Team1UITests.debug.xcconfig */ = {isa = PBXFileReference; includeInIndex = 1; lastKnownFileType = text.xcconfig; name = "Pods-ESTiOS5Team1-ESTiOS5Team1UITests.debug.xcconfig"; path = "Target Support Files/Pods-ESTiOS5Team1-ESTiOS5Team1UITests/Pods-ESTiOS5Team1-ESTiOS5Team1UITests.debug.xcconfig"; sourceTree = "<group>"; };
/* End PBXFileReference section */

/* Begin PBXFileSystemSynchronizedBuildFileExceptionSet section */
		257B73C42F0F39F0006CD5EC /* Exceptions for "ESTiOS5Team1" folder in "ESTiOS5Team1Tests" target */ = {
			isa = PBXFileSystemSynchronizedBuildFileExceptionSet;
			membershipExceptions = (
				"GoogleService-Info.plist",
				Model/DTO/IGDBGenreDTO.swift,
				Model/ViewModel/GenreListViewModel.swift,
				TestView/GenreListTestView.swift,
			);
			target = 25C032502F0C972500CA196B /* ESTiOS5Team1Tests */;
		};
		257B73C52F0F39F0006CD5EC /* Exceptions for "ESTiOS5Team1" folder in "ESTiOS5Team1UITests" target */ = {
			isa = PBXFileSystemSynchronizedBuildFileExceptionSet;
			membershipExceptions = (
				"GoogleService-Info.plist",
				Model/DTO/IGDBGenreDTO.swift,
				Model/ViewModel/GenreListViewModel.swift,
				TestView/GenreListTestView.swift,
			);
			target = 25C0325A2F0C972500CA196B /* ESTiOS5Team1UITests */;
		};
		3A9558902F0CFE5F000BEDC1 /* Exceptions for "ESTiOS5Team1" folder in "ESTiOS5Team1" target */ = {
			isa = PBXFileSystemSynchronizedBuildFileExceptionSet;
			membershipExceptions = (
				Info.plist,
			);
			target = 25C032412F0C972400CA196B /* ESTiOS5Team1 */;
		};
/* End PBXFileSystemSynchronizedBuildFileExceptionSet section */

/* Begin PBXFileSystemSynchronizedRootGroup section */
		25C032442F0C972400CA196B /* ESTiOS5Team1 */ = {
			isa = PBXFileSystemSynchronizedRootGroup;
			exceptions = (
				3A9558902F0CFE5F000BEDC1 /* Exceptions for "ESTiOS5Team1" folder in "ESTiOS5Team1" target */,
				257B73C42F0F39F0006CD5EC /* Exceptions for "ESTiOS5Team1" folder in "ESTiOS5Team1Tests" target */,
				257B73C52F0F39F0006CD5EC /* Exceptions for "ESTiOS5Team1" folder in "ESTiOS5Team1UITests" target */,
			);
			path = ESTiOS5Team1;
			sourceTree = "<group>";
		};
		25C032542F0C972500CA196B /* ESTiOS5Team1Tests */ = {
			isa = PBXFileSystemSynchronizedRootGroup;
			path = ESTiOS5Team1Tests;
			sourceTree = "<group>";
		};
		25C0325E2F0C972500CA196B /* ESTiOS5Team1UITests */ = {
			isa = PBXFileSystemSynchronizedRootGroup;
			path = ESTiOS5Team1UITests;
			sourceTree = "<group>";
		};
		3A95588C2F0CFC3E000BEDC1 /* MainPage */ = {
			isa = PBXFileSystemSynchronizedRootGroup;
			path = MainPage;
			sourceTree = "<group>";
		};
/* End PBXFileSystemSynchronizedRootGroup section */

/* Begin PBXFrameworksBuildPhase section */
		25C0323F2F0C972400CA196B /* Frameworks */ = {
			isa = PBXFrameworksBuildPhase;
			buildActionMask = 2147483647;
			files = (
				81C597B1400A41C072371B10 /* Pods_ESTiOS5Team1.framework in Frameworks */,
			);
			runOnlyForDeploymentPostprocessing = 0;
		};
		25C0324E2F0C972500CA196B /* Frameworks */ = {
			isa = PBXFrameworksBuildPhase;
			buildActionMask = 2147483647;
			files = (
				953071FA9B9FEABCC94849DA /* Pods_ESTiOS5Team1Tests.framework in Frameworks */,
			);
			runOnlyForDeploymentPostprocessing = 0;
		};
		25C032582F0C972500CA196B /* Frameworks */ = {
			isa = PBXFrameworksBuildPhase;
			buildActionMask = 2147483647;
			files = (
				914F6A07FBF86FEA0CCB8DEC /* Pods_ESTiOS5Team1_ESTiOS5Team1UITests.framework in Frameworks */,
			);
			runOnlyForDeploymentPostprocessing = 0;
		};
/* End PBXFrameworksBuildPhase section */

/* Begin PBXGroup section */
		25C032392F0C972400CA196B = {
			isa = PBXGroup;
			children = (
				25C032B52F0CA5D800CA196B /* .swiftlint.yml */,
				3A95588C2F0CFC3E000BEDC1 /* MainPage */,
				25C032442F0C972400CA196B /* ESTiOS5Team1 */,
				25C032542F0C972500CA196B /* ESTiOS5Team1Tests */,
				25C0325E2F0C972500CA196B /* ESTiOS5Team1UITests */,
				25C032432F0C972400CA196B /* Products */,
				880DBE697D9FFC769BDA6EF4 /* Pods */,
				DFE68EC86468B24EECC1346F /* Frameworks */,
			);
			sourceTree = "<group>";
		};
		25C032432F0C972400CA196B /* Products */ = {
			isa = PBXGroup;
			children = (
				25C032422F0C972400CA196B /* ESTiOS5Team1.app */,
				25C032512F0C972500CA196B /* ESTiOS5Team1Tests.xctest */,
				25C0325B2F0C972500CA196B /* ESTiOS5Team1UITests.xctest */,
			);
			name = Products;
			sourceTree = "<group>";
		};
		880DBE697D9FFC769BDA6EF4 /* Pods */ = {
			isa = PBXGroup;
			children = (
				2EDF40E1C49EF5BD94B8C084 /* Pods-ESTiOS5Team1.debug.xcconfig */,
				9EFA6D3996CE9A69529C3C72 /* Pods-ESTiOS5Team1.release.xcconfig */,
				D5DE86A1FF51BCDFFDDF6223 /* Pods-ESTiOS5Team1-ESTiOS5Team1UITests.debug.xcconfig */,
				8836F5D8ED6FFEBD616F9889 /* Pods-ESTiOS5Team1-ESTiOS5Team1UITests.release.xcconfig */,
				D183C7F226A3E2402E34D674 /* Pods-ESTiOS5Team1Tests.debug.xcconfig */,
				625583888641C904DC712DAE /* Pods-ESTiOS5Team1Tests.release.xcconfig */,
			);
			path = Pods;
			sourceTree = "<group>";
		};
		DFE68EC86468B24EECC1346F /* Frameworks */ = {
			isa = PBXGroup;
			children = (
				3D572A9C3B2508700F6FCB51 /* Pods_ESTiOS5Team1.framework */,
				6BA05120559926B6E3094874 /* Pods_ESTiOS5Team1_ESTiOS5Team1UITests.framework */,
				033A77E8FC5DDD74415FB2BE /* Pods_ESTiOS5Team1Tests.framework */,
			);
			name = Frameworks;
			sourceTree = "<group>";
		};
/* End PBXGroup section */

/* Begin PBXNativeTarget section */
		25C032412F0C972400CA196B /* ESTiOS5Team1 */ = {
			isa = PBXNativeTarget;
			buildConfigurationList = 25C032652F0C972500CA196B /* Build configuration list for PBXNativeTarget "ESTiOS5Team1" */;
			buildPhases = (
				7C1907DF3DED436B449AAF7D /* [CP] Check Pods Manifest.lock */,
				25C0323E2F0C972400CA196B /* Sources */,
				25C0323F2F0C972400CA196B /* Frameworks */,
				25C032402F0C972400CA196B /* Resources */,
				929AF602F76B1B73E30F980A /* [CP] Embed Pods Frameworks */,
				25C032A62F0CA48A00CA196B /* Run Script */,
				25232B012F0F64E600BB37B6 /* Run Script(Crashlytics) */,
			);
			buildRules = (
			);
			dependencies = (
			);
			fileSystemSynchronizedGroups = (
				25C032442F0C972400CA196B /* ESTiOS5Team1 */,
				3A95588C2F0CFC3E000BEDC1 /* MainPage */,
			);
			name = ESTiOS5Team1;
			productName = ESTiOS5Team1;
			productReference = 25C032422F0C972400CA196B /* ESTiOS5Team1.app */;
			productType = "com.apple.product-type.application";
		};
		25C032502F0C972500CA196B /* ESTiOS5Team1Tests */ = {
			isa = PBXNativeTarget;
			buildConfigurationList = 25C032682F0C972500CA196B /* Build configuration list for PBXNativeTarget "ESTiOS5Team1Tests" */;
			buildPhases = (
				B413D038D3A242717895D031 /* [CP] Check Pods Manifest.lock */,
				25C0324D2F0C972500CA196B /* Sources */,
				25C0324E2F0C972500CA196B /* Frameworks */,
				25C0324F2F0C972500CA196B /* Resources */,
			);
			buildRules = (
			);
			dependencies = (
				25C032532F0C972500CA196B /* PBXTargetDependency */,
			);
			fileSystemSynchronizedGroups = (
				25C032542F0C972500CA196B /* ESTiOS5Team1Tests */,
				3A95588C2F0CFC3E000BEDC1 /* MainPage */,
			);
			name = ESTiOS5Team1Tests;
			productName = ESTiOS5Team1Tests;
			productReference = 25C032512F0C972500CA196B /* ESTiOS5Team1Tests.xctest */;
			productType = "com.apple.product-type.bundle.unit-test";
		};
		25C0325A2F0C972500CA196B /* ESTiOS5Team1UITests */ = {
			isa = PBXNativeTarget;
			buildConfigurationList = 25C0326B2F0C972500CA196B /* Build configuration list for PBXNativeTarget "ESTiOS5Team1UITests" */;
			buildPhases = (
				9E5919DD6267028FC5824D5D /* [CP] Check Pods Manifest.lock */,
				25C032572F0C972500CA196B /* Sources */,
				25C032582F0C972500CA196B /* Frameworks */,
				25C032592F0C972500CA196B /* Resources */,
				997D78C539341E9FFCB43158 /* [CP] Embed Pods Frameworks */,
			);
			buildRules = (
			);
			dependencies = (
				25C0325D2F0C972500CA196B /* PBXTargetDependency */,
			);
			fileSystemSynchronizedGroups = (
				25C0325E2F0C972500CA196B /* ESTiOS5Team1UITests */,
				3A95588C2F0CFC3E000BEDC1 /* MainPage */,
			);
			name = ESTiOS5Team1UITests;
			productName = ESTiOS5Team1UITests;
			productReference = 25C0325B2F0C972500CA196B /* ESTiOS5Team1UITests.xctest */;
			productType = "com.apple.product-type.bundle.ui-testing";
		};
/* End PBXNativeTarget section */

/* Begin PBXProject section */
		25C0323A2F0C972400CA196B /* Project object */ = {
			isa = PBXProject;
			attributes = {
				BuildIndependentTargetsInParallel = 1;
				LastSwiftUpdateCheck = 2620;
				LastUpgradeCheck = 2620;
				TargetAttributes = {
					25C032412F0C972400CA196B = {
						CreatedOnToolsVersion = 26.2;
					};
					25C032502F0C972500CA196B = {
						CreatedOnToolsVersion = 26.2;
						TestTargetID = 25C032412F0C972400CA196B;
					};
					25C0325A2F0C972500CA196B = {
						CreatedOnToolsVersion = 26.2;
						TestTargetID = 25C032412F0C972400CA196B;
					};
				};
			};
			buildConfigurationList = 25C0323D2F0C972400CA196B /* Build configuration list for PBXProject "ESTiOS5Team1" */;
			developmentRegion = en;
			hasScannedForEncodings = 0;
			knownRegions = (
				en,
				Base,
			);
			mainGroup = 25C032392F0C972400CA196B;
			minimizedProjectReferenceProxies = 1;
			preferredProjectObjectVersion = 77;
			productRefGroup = 25C032432F0C972400CA196B /* Products */;
			projectDirPath = "";
			projectRoot = "";
			targets = (
				25C032412F0C972400CA196B /* ESTiOS5Team1 */,
				25C032502F0C972500CA196B /* ESTiOS5Team1Tests */,
				25C0325A2F0C972500CA196B /* ESTiOS5Team1UITests */,
			);
		};
/* End PBXProject section */

/* Begin PBXResourcesBuildPhase section */
		25C032402F0C972400CA196B /* Resources */ = {
			isa = PBXResourcesBuildPhase;
			buildActionMask = 2147483647;
			files = (
				25C032B82F0CA5D800CA196B /* .swiftlint.yml in Resources */,
			);
			runOnlyForDeploymentPostprocessing = 0;
		};
		25C0324F2F0C972500CA196B /* Resources */ = {
			isa = PBXResourcesBuildPhase;
			buildActionMask = 2147483647;
			files = (
				25C032B62F0CA5D800CA196B /* .swiftlint.yml in Resources */,
			);
			runOnlyForDeploymentPostprocessing = 0;
		};
		25C032592F0C972500CA196B /* Resources */ = {
			isa = PBXResourcesBuildPhase;
			buildActionMask = 2147483647;
			files = (
				25C032B72F0CA5D800CA196B /* .swiftlint.yml in Resources */,
			);
			runOnlyForDeploymentPostprocessing = 0;
		};
/* End PBXResourcesBuildPhase section */

/* Begin PBXShellScriptBuildPhase section */
		25232B012F0F64E600BB37B6 /* Run Script(Crashlytics) */ = {
			isa = PBXShellScriptBuildPhase;
			buildActionMask = 2147483647;
			files = (
			);
			inputFileListPaths = (
			);
			inputPaths = (
				"${DWARF_DSYM_FOLDER_PATH}/${DWARF_DSYM_FILE_NAME}/Contents/Resources/DWARF/${TARGET_NAME}",
				"$(SRCROOT)/$(BUILT_PRODUCTS_DIR)/$(INFOPLIST_PATH)\n",
			);
			name = "Run Script(Crashlytics)";
			outputFileListPaths = (
			);
			outputPaths = (
			);
			runOnlyForDeploymentPostprocessing = 0;
			shellPath = /bin/sh;
			shellScript = "\"${PODS_ROOT}/FirebaseCrashlytics/run\"\n";
		};
		25C032A62F0CA48A00CA196B /* Run Script */ = {
			isa = PBXShellScriptBuildPhase;
			alwaysOutOfDate = 1;
			buildActionMask = 2147483647;
			files = (
			);
			inputFileListPaths = (
			);
			inputPaths = (
			);
			name = "Run Script";
			outputFileListPaths = (
			);
			outputPaths = (
			);
			runOnlyForDeploymentPostprocessing = 0;
			shellPath = /bin/sh;
			shellScript = "\"${PODS_ROOT}/SwiftLint/swiftlint\"\n";
		};
		7C1907DF3DED436B449AAF7D /* [CP] Check Pods Manifest.lock */ = {
			isa = PBXShellScriptBuildPhase;
			buildActionMask = 2147483647;
			files = (
			);
			inputFileListPaths = (
			);
			inputPaths = (
				"${PODS_PODFILE_DIR_PATH}/Podfile.lock",
				"${PODS_ROOT}/Manifest.lock",
			);
			name = "[CP] Check Pods Manifest.lock";
			outputFileListPaths = (
			);
			outputPaths = (
				"$(DERIVED_FILE_DIR)/Pods-ESTiOS5Team1-checkManifestLockResult.txt",
			);
			runOnlyForDeploymentPostprocessing = 0;
			shellPath = /bin/sh;
			shellScript = "diff \"${PODS_PODFILE_DIR_PATH}/Podfile.lock\" \"${PODS_ROOT}/Manifest.lock\" > /dev/null\nif [ $? != 0 ] ; then\n    # print error to STDERR\n    echo \"error: The sandbox is not in sync with the Podfile.lock. Run 'pod install' or update your CocoaPods installation.\" >&2\n    exit 1\nfi\n# This output is used by Xcode 'outputs' to avoid re-running this script phase.\necho \"SUCCESS\" > \"${SCRIPT_OUTPUT_FILE_0}\"\n";
			showEnvVarsInLog = 0;
		};
		929AF602F76B1B73E30F980A /* [CP] Embed Pods Frameworks */ = {
			isa = PBXShellScriptBuildPhase;
			buildActionMask = 2147483647;
			files = (
			);
			inputFileListPaths = (
				"${PODS_ROOT}/Target Support Files/Pods-ESTiOS5Team1/Pods-ESTiOS5Team1-frameworks-${CONFIGURATION}-input-files.xcfilelist",
			);
			inputPaths = (
			);
			name = "[CP] Embed Pods Frameworks";
			outputFileListPaths = (
				"${PODS_ROOT}/Target Support Files/Pods-ESTiOS5Team1/Pods-ESTiOS5Team1-frameworks-${CONFIGURATION}-output-files.xcfilelist",
			);
			outputPaths = (
			);
			runOnlyForDeploymentPostprocessing = 0;
			shellPath = /bin/sh;
			shellScript = "\"${PODS_ROOT}/Target Support Files/Pods-ESTiOS5Team1/Pods-ESTiOS5Team1-frameworks.sh\"\n";
			showEnvVarsInLog = 0;
		};
		997D78C539341E9FFCB43158 /* [CP] Embed Pods Frameworks */ = {
			isa = PBXShellScriptBuildPhase;
			buildActionMask = 2147483647;
			files = (
			);
			inputFileListPaths = (
				"${PODS_ROOT}/Target Support Files/Pods-ESTiOS5Team1-ESTiOS5Team1UITests/Pods-ESTiOS5Team1-ESTiOS5Team1UITests-frameworks-${CONFIGURATION}-input-files.xcfilelist",
			);
			inputPaths = (
			);
			name = "[CP] Embed Pods Frameworks";
			outputFileListPaths = (
				"${PODS_ROOT}/Target Support Files/Pods-ESTiOS5Team1-ESTiOS5Team1UITests/Pods-ESTiOS5Team1-ESTiOS5Team1UITests-frameworks-${CONFIGURATION}-output-files.xcfilelist",
			);
			outputPaths = (
			);
			runOnlyForDeploymentPostprocessing = 0;
			shellPath = /bin/sh;
			shellScript = "\"${PODS_ROOT}/Target Support Files/Pods-ESTiOS5Team1-ESTiOS5Team1UITests/Pods-ESTiOS5Team1-ESTiOS5Team1UITests-frameworks.sh\"\n";
			showEnvVarsInLog = 0;
		};
		9E5919DD6267028FC5824D5D /* [CP] Check Pods Manifest.lock */ = {
			isa = PBXShellScriptBuildPhase;
			buildActionMask = 2147483647;
			files = (
			);
			inputFileListPaths = (
			);
			inputPaths = (
				"${PODS_PODFILE_DIR_PATH}/Podfile.lock",
				"${PODS_ROOT}/Manifest.lock",
			);
			name = "[CP] Check Pods Manifest.lock";
			outputFileListPaths = (
			);
			outputPaths = (
				"$(DERIVED_FILE_DIR)/Pods-ESTiOS5Team1-ESTiOS5Team1UITests-checkManifestLockResult.txt",
			);
			runOnlyForDeploymentPostprocessing = 0;
			shellPath = /bin/sh;
			shellScript = "diff \"${PODS_PODFILE_DIR_PATH}/Podfile.lock\" \"${PODS_ROOT}/Manifest.lock\" > /dev/null\nif [ $? != 0 ] ; then\n    # print error to STDERR\n    echo \"error: The sandbox is not in sync with the Podfile.lock. Run 'pod install' or update your CocoaPods installation.\" >&2\n    exit 1\nfi\n# This output is used by Xcode 'outputs' to avoid re-running this script phase.\necho \"SUCCESS\" > \"${SCRIPT_OUTPUT_FILE_0}\"\n";
			showEnvVarsInLog = 0;
		};
		B413D038D3A242717895D031 /* [CP] Check Pods Manifest.lock */ = {
			isa = PBXShellScriptBuildPhase;
			buildActionMask = 2147483647;
			files = (
			);
			inputFileListPaths = (
			);
			inputPaths = (
				"${PODS_PODFILE_DIR_PATH}/Podfile.lock",
				"${PODS_ROOT}/Manifest.lock",
			);
			name = "[CP] Check Pods Manifest.lock";
			outputFileListPaths = (
			);
			outputPaths = (
				"$(DERIVED_FILE_DIR)/Pods-ESTiOS5Team1Tests-checkManifestLockResult.txt",
			);
			runOnlyForDeploymentPostprocessing = 0;
			shellPath = /bin/sh;
			shellScript = "diff \"${PODS_PODFILE_DIR_PATH}/Podfile.lock\" \"${PODS_ROOT}/Manifest.lock\" > /dev/null\nif [ $? != 0 ] ; then\n    # print error to STDERR\n    echo \"error: The sandbox is not in sync with the Podfile.lock. Run 'pod install' or update your CocoaPods installation.\" >&2\n    exit 1\nfi\n# This output is used by Xcode 'outputs' to avoid re-running this script phase.\necho \"SUCCESS\" > \"${SCRIPT_OUTPUT_FILE_0}\"\n";
			showEnvVarsInLog = 0;
		};
/* End PBXShellScriptBuildPhase section */

/* Begin PBXSourcesBuildPhase section */
		25C0323E2F0C972400CA196B /* Sources */ = {
			isa = PBXSourcesBuildPhase;
			buildActionMask = 2147483647;
			files = (
			);
			runOnlyForDeploymentPostprocessing = 0;
		};
		25C0324D2F0C972500CA196B /* Sources */ = {
			isa = PBXSourcesBuildPhase;
			buildActionMask = 2147483647;
			files = (
			);
			runOnlyForDeploymentPostprocessing = 0;
		};
		25C032572F0C972500CA196B /* Sources */ = {
			isa = PBXSourcesBuildPhase;
			buildActionMask = 2147483647;
			files = (
			);
			runOnlyForDeploymentPostprocessing = 0;
		};
/* End PBXSourcesBuildPhase section */

/* Begin PBXTargetDependency section */
		25C032532F0C972500CA196B /* PBXTargetDependency */ = {
			isa = PBXTargetDependency;
			target = 25C032412F0C972400CA196B /* ESTiOS5Team1 */;
			targetProxy = 25C032522F0C972500CA196B /* PBXContainerItemProxy */;
		};
		25C0325D2F0C972500CA196B /* PBXTargetDependency */ = {
			isa = PBXTargetDependency;
			target = 25C032412F0C972400CA196B /* ESTiOS5Team1 */;
			targetProxy = 25C0325C2F0C972500CA196B /* PBXContainerItemProxy */;
		};
/* End PBXTargetDependency section */

/* Begin XCBuildConfiguration section */
		25C032632F0C972500CA196B /* Debug */ = {
			isa = XCBuildConfiguration;
			baseConfigurationReferenceAnchor = 25C032442F0C972400CA196B /* ESTiOS5Team1 */;
			baseConfigurationReferenceRelativePath = Config/IGDB.xcconfig;
			buildSettings = {
				ALWAYS_SEARCH_USER_PATHS = NO;
				ASSETCATALOG_COMPILER_GENERATE_SWIFT_ASSET_SYMBOL_EXTENSIONS = YES;
				CLANG_ANALYZER_NONNULL = YES;
				CLANG_ANALYZER_NUMBER_OBJECT_CONVERSION = YES_AGGRESSIVE;
				CLANG_CXX_LANGUAGE_STANDARD = "gnu++20";
				CLANG_ENABLE_MODULES = YES;
				CLANG_ENABLE_OBJC_ARC = YES;
				CLANG_ENABLE_OBJC_WEAK = YES;
				CLANG_WARN_BLOCK_CAPTURE_AUTORELEASING = YES;
				CLANG_WARN_BOOL_CONVERSION = YES;
				CLANG_WARN_COMMA = YES;
				CLANG_WARN_CONSTANT_CONVERSION = YES;
				CLANG_WARN_DEPRECATED_OBJC_IMPLEMENTATIONS = YES;
				CLANG_WARN_DIRECT_OBJC_ISA_USAGE = YES_ERROR;
				CLANG_WARN_DOCUMENTATION_COMMENTS = YES;
				CLANG_WARN_EMPTY_BODY = YES;
				CLANG_WARN_ENUM_CONVERSION = YES;
				CLANG_WARN_INFINITE_RECURSION = YES;
				CLANG_WARN_INT_CONVERSION = YES;
				CLANG_WARN_NON_LITERAL_NULL_CONVERSION = YES;
				CLANG_WARN_OBJC_IMPLICIT_RETAIN_SELF = YES;
				CLANG_WARN_OBJC_LITERAL_CONVERSION = YES;
				CLANG_WARN_OBJC_ROOT_CLASS = YES_ERROR;
				CLANG_WARN_QUOTED_INCLUDE_IN_FRAMEWORK_HEADER = YES;
				CLANG_WARN_RANGE_LOOP_ANALYSIS = YES;
				CLANG_WARN_STRICT_PROTOTYPES = YES;
				CLANG_WARN_SUSPICIOUS_MOVE = YES;
				CLANG_WARN_UNGUARDED_AVAILABILITY = YES_AGGRESSIVE;
				CLANG_WARN_UNREACHABLE_CODE = YES;
				CLANG_WARN__DUPLICATE_METHOD_MATCH = YES;
				COPY_PHASE_STRIP = NO;
				DEBUG_INFORMATION_FORMAT = "dwarf-with-dsym";
				DEVELOPMENT_TEAM = 8J9X9NN4Y8;
				ENABLE_STRICT_OBJC_MSGSEND = YES;
				ENABLE_TESTABILITY = YES;
				ENABLE_USER_SCRIPT_SANDBOXING = NO;
				GCC_C_LANGUAGE_STANDARD = gnu17;
				GCC_DYNAMIC_NO_PIC = NO;
				GCC_NO_COMMON_BLOCKS = YES;
				GCC_OPTIMIZATION_LEVEL = 0;
				GCC_PREPROCESSOR_DEFINITIONS = (
					"DEBUG=1",
					"$(inherited)",
				);
				GCC_WARN_64_TO_32_BIT_CONVERSION = YES;
				GCC_WARN_ABOUT_RETURN_TYPE = YES_ERROR;
				GCC_WARN_UNDECLARED_SELECTOR = YES;
				GCC_WARN_UNINITIALIZED_AUTOS = YES_AGGRESSIVE;
				GCC_WARN_UNUSED_FUNCTION = YES;
				GCC_WARN_UNUSED_VARIABLE = YES;
				IPHONEOS_DEPLOYMENT_TARGET = 26.2;
				LOCALIZATION_PREFERS_STRING_CATALOGS = YES;
				MTL_ENABLE_DEBUG_INFO = INCLUDE_SOURCE;
				MTL_FAST_MATH = YES;
				ONLY_ACTIVE_ARCH = YES;
				SDKROOT = iphoneos;
				STRING_CATALOG_GENERATE_SYMBOLS = YES;
				SWIFT_ACTIVE_COMPILATION_CONDITIONS = "DEBUG $(inherited)";
				SWIFT_OPTIMIZATION_LEVEL = "-Onone";
			};
			name = Debug;
		};
		25C032642F0C972500CA196B /* Release */ = {
			isa = XCBuildConfiguration;
			baseConfigurationReferenceAnchor = 25C032442F0C972400CA196B /* ESTiOS5Team1 */;
			baseConfigurationReferenceRelativePath = Config/IGDB.xcconfig;
			buildSettings = {
				ALWAYS_SEARCH_USER_PATHS = NO;
				ASSETCATALOG_COMPILER_GENERATE_SWIFT_ASSET_SYMBOL_EXTENSIONS = YES;
				CLANG_ANALYZER_NONNULL = YES;
				CLANG_ANALYZER_NUMBER_OBJECT_CONVERSION = YES_AGGRESSIVE;
				CLANG_CXX_LANGUAGE_STANDARD = "gnu++20";
				CLANG_ENABLE_MODULES = YES;
				CLANG_ENABLE_OBJC_ARC = YES;
				CLANG_ENABLE_OBJC_WEAK = YES;
				CLANG_WARN_BLOCK_CAPTURE_AUTORELEASING = YES;
				CLANG_WARN_BOOL_CONVERSION = YES;
				CLANG_WARN_COMMA = YES;
				CLANG_WARN_CONSTANT_CONVERSION = YES;
				CLANG_WARN_DEPRECATED_OBJC_IMPLEMENTATIONS = YES;
				CLANG_WARN_DIRECT_OBJC_ISA_USAGE = YES_ERROR;
				CLANG_WARN_DOCUMENTATION_COMMENTS = YES;
				CLANG_WARN_EMPTY_BODY = YES;
				CLANG_WARN_ENUM_CONVERSION = YES;
				CLANG_WARN_INFINITE_RECURSION = YES;
				CLANG_WARN_INT_CONVERSION = YES;
				CLANG_WARN_NON_LITERAL_NULL_CONVERSION = YES;
				CLANG_WARN_OBJC_IMPLICIT_RETAIN_SELF = YES;
				CLANG_WARN_OBJC_LITERAL_CONVERSION = YES;
				CLANG_WARN_OBJC_ROOT_CLASS = YES_ERROR;
				CLANG_WARN_QUOTED_INCLUDE_IN_FRAMEWORK_HEADER = YES;
				CLANG_WARN_RANGE_LOOP_ANALYSIS = YES;
				CLANG_WARN_STRICT_PROTOTYPES = YES;
				CLANG_WARN_SUSPICIOUS_MOVE = YES;
				CLANG_WARN_UNGUARDED_AVAILABILITY = YES_AGGRESSIVE;
				CLANG_WARN_UNREACHABLE_CODE = YES;
				CLANG_WARN__DUPLICATE_METHOD_MATCH = YES;
				COPY_PHASE_STRIP = NO;
				DEBUG_INFORMATION_FORMAT = "dwarf-with-dsym";
				DEVELOPMENT_TEAM = 8J9X9NN4Y8;
				ENABLE_NS_ASSERTIONS = NO;
				ENABLE_STRICT_OBJC_MSGSEND = YES;
				ENABLE_USER_SCRIPT_SANDBOXING = NO;
				GCC_C_LANGUAGE_STANDARD = gnu17;
				GCC_NO_COMMON_BLOCKS = YES;
				GCC_WARN_64_TO_32_BIT_CONVERSION = YES;
				GCC_WARN_ABOUT_RETURN_TYPE = YES_ERROR;
				GCC_WARN_UNDECLARED_SELECTOR = YES;
				GCC_WARN_UNINITIALIZED_AUTOS = YES_AGGRESSIVE;
				GCC_WARN_UNUSED_FUNCTION = YES;
				GCC_WARN_UNUSED_VARIABLE = YES;
				IPHONEOS_DEPLOYMENT_TARGET = 26.2;
				LOCALIZATION_PREFERS_STRING_CATALOGS = YES;
				MTL_ENABLE_DEBUG_INFO = NO;
				MTL_FAST_MATH = YES;
				SDKROOT = iphoneos;
				STRING_CATALOG_GENERATE_SYMBOLS = YES;
				SWIFT_COMPILATION_MODE = wholemodule;
				VALIDATE_PRODUCT = YES;
			};
			name = Release;
		};
		25C032662F0C972500CA196B /* Debug */ = {
			isa = XCBuildConfiguration;
			baseConfigurationReference = 2EDF40E1C49EF5BD94B8C084 /* Pods-ESTiOS5Team1.debug.xcconfig */;
			buildSettings = {
				ASSETCATALOG_COMPILER_APPICON_NAME = AppIcon;
				ASSETCATALOG_COMPILER_GLOBAL_ACCENT_COLOR_NAME = AccentColor;
				CODE_SIGN_STYLE = Automatic;
				CURRENT_PROJECT_VERSION = 1;
				DEVELOPMENT_TEAM = 8J9X9NN4Y8;
				ENABLE_PREVIEWS = YES;
				GENERATE_INFOPLIST_FILE = YES;
				INFOPLIST_FILE = ESTiOS5Team1/Info.plist;
				INFOPLIST_KEY_LSApplicationCategoryType = "";
				INFOPLIST_KEY_UIApplicationSceneManifest_Generation = YES;
				INFOPLIST_KEY_UIApplicationSupportsIndirectInputEvents = YES;
				INFOPLIST_KEY_UILaunchScreen_Generation = YES;
				INFOPLIST_KEY_UISupportedInterfaceOrientations_iPad = "UIInterfaceOrientationPortrait UIInterfaceOrientationPortraitUpsideDown UIInterfaceOrientationLandscapeLeft UIInterfaceOrientationLandscapeRight";
				INFOPLIST_KEY_UISupportedInterfaceOrientations_iPhone = "UIInterfaceOrientationPortrait UIInterfaceOrientationLandscapeLeft UIInterfaceOrientationLandscapeRight";
				IPHONEOS_DEPLOYMENT_TARGET = 26.0;
				LD_RUNPATH_SEARCH_PATHS = (
					"$(inherited)",
					"@executable_path/Frameworks",
				);
				MARKETING_VERSION = 1.0;
				PRODUCT_BUNDLE_IDENTIFIER = com.cheon.ESTiOS5Team1;
				PRODUCT_NAME = "$(TARGET_NAME)";
				STRING_CATALOG_GENERATE_SYMBOLS = YES;
				SWIFT_APPROACHABLE_CONCURRENCY = YES;
				SWIFT_DEFAULT_ACTOR_ISOLATION = MainActor;
				SWIFT_EMIT_LOC_STRINGS = YES;
				SWIFT_UPCOMING_FEATURE_MEMBER_IMPORT_VISIBILITY = YES;
				SWIFT_VERSION = 5.0;
				TARGETED_DEVICE_FAMILY = "1,2";
			};
			name = Debug;
		};
		25C032672F0C972500CA196B /* Release */ = {
			isa = XCBuildConfiguration;
			baseConfigurationReference = 9EFA6D3996CE9A69529C3C72 /* Pods-ESTiOS5Team1.release.xcconfig */;
			buildSettings = {
				ASSETCATALOG_COMPILER_APPICON_NAME = AppIcon;
				ASSETCATALOG_COMPILER_GLOBAL_ACCENT_COLOR_NAME = AccentColor;
				CODE_SIGN_STYLE = Automatic;
				CURRENT_PROJECT_VERSION = 1;
				DEVELOPMENT_TEAM = 8J9X9NN4Y8;
				ENABLE_PREVIEWS = YES;
				GENERATE_INFOPLIST_FILE = YES;
				INFOPLIST_FILE = ESTiOS5Team1/Info.plist;
				INFOPLIST_KEY_LSApplicationCategoryType = "";
				INFOPLIST_KEY_UIApplicationSceneManifest_Generation = YES;
				INFOPLIST_KEY_UIApplicationSupportsIndirectInputEvents = YES;
				INFOPLIST_KEY_UILaunchScreen_Generation = YES;
				INFOPLIST_KEY_UISupportedInterfaceOrientations_iPad = "UIInterfaceOrientationPortrait UIInterfaceOrientationPortraitUpsideDown UIInterfaceOrientationLandscapeLeft UIInterfaceOrientationLandscapeRight";
				INFOPLIST_KEY_UISupportedInterfaceOrientations_iPhone = "UIInterfaceOrientationPortrait UIInterfaceOrientationLandscapeLeft UIInterfaceOrientationLandscapeRight";
				IPHONEOS_DEPLOYMENT_TARGET = 26.0;
				LD_RUNPATH_SEARCH_PATHS = (
					"$(inherited)",
					"@executable_path/Frameworks",
				);
				MARKETING_VERSION = 1.0;
				PRODUCT_BUNDLE_IDENTIFIER = com.cheon.ESTiOS5Team1;
				PRODUCT_NAME = "$(TARGET_NAME)";
				STRING_CATALOG_GENERATE_SYMBOLS = YES;
				SWIFT_APPROACHABLE_CONCURRENCY = YES;
				SWIFT_DEFAULT_ACTOR_ISOLATION = MainActor;
				SWIFT_EMIT_LOC_STRINGS = YES;
				SWIFT_UPCOMING_FEATURE_MEMBER_IMPORT_VISIBILITY = YES;
				SWIFT_VERSION = 5.0;
				TARGETED_DEVICE_FAMILY = "1,2";
			};
			name = Release;
		};
		25C032692F0C972500CA196B /* Debug */ = {
			isa = XCBuildConfiguration;
			baseConfigurationReference = D183C7F226A3E2402E34D674 /* Pods-ESTiOS5Team1Tests.debug.xcconfig */;
			buildSettings = {
				BUNDLE_LOADER = "$(TEST_HOST)";
				CODE_SIGN_STYLE = Automatic;
				CURRENT_PROJECT_VERSION = 1;
				DEVELOPMENT_TEAM = 8J9X9NN4Y8;
				GENERATE_INFOPLIST_FILE = YES;
				IPHONEOS_DEPLOYMENT_TARGET = 26.1;
				MARKETING_VERSION = 1.0;
				PRODUCT_BUNDLE_IDENTIFIER = com.cheon.ESTiOS5Team1Tests;
				PRODUCT_NAME = "$(TARGET_NAME)";
				STRING_CATALOG_GENERATE_SYMBOLS = NO;
				SWIFT_APPROACHABLE_CONCURRENCY = YES;
				SWIFT_EMIT_LOC_STRINGS = NO;
				SWIFT_UPCOMING_FEATURE_MEMBER_IMPORT_VISIBILITY = YES;
				SWIFT_VERSION = 5.0;
				TARGETED_DEVICE_FAMILY = "1,2";
				TEST_HOST = "$(BUILT_PRODUCTS_DIR)/ESTiOS5Team1.app/$(BUNDLE_EXECUTABLE_FOLDER_PATH)/ESTiOS5Team1";
			};
			name = Debug;
		};
		25C0326A2F0C972500CA196B /* Release */ = {
			isa = XCBuildConfiguration;
			baseConfigurationReference = 625583888641C904DC712DAE /* Pods-ESTiOS5Team1Tests.release.xcconfig */;
			buildSettings = {
				BUNDLE_LOADER = "$(TEST_HOST)";
				CODE_SIGN_STYLE = Automatic;
				CURRENT_PROJECT_VERSION = 1;
				DEVELOPMENT_TEAM = 8J9X9NN4Y8;
				GENERATE_INFOPLIST_FILE = YES;
				IPHONEOS_DEPLOYMENT_TARGET = 26.1;
				MARKETING_VERSION = 1.0;
				PRODUCT_BUNDLE_IDENTIFIER = com.cheon.ESTiOS5Team1Tests;
				PRODUCT_NAME = "$(TARGET_NAME)";
				STRING_CATALOG_GENERATE_SYMBOLS = NO;
				SWIFT_APPROACHABLE_CONCURRENCY = YES;
				SWIFT_EMIT_LOC_STRINGS = NO;
				SWIFT_UPCOMING_FEATURE_MEMBER_IMPORT_VISIBILITY = YES;
				SWIFT_VERSION = 5.0;
				TARGETED_DEVICE_FAMILY = "1,2";
				TEST_HOST = "$(BUILT_PRODUCTS_DIR)/ESTiOS5Team1.app/$(BUNDLE_EXECUTABLE_FOLDER_PATH)/ESTiOS5Team1";
			};
			name = Release;
		};
		25C0326C2F0C972500CA196B /* Debug */ = {
			isa = XCBuildConfiguration;
			baseConfigurationReference = D5DE86A1FF51BCDFFDDF6223 /* Pods-ESTiOS5Team1-ESTiOS5Team1UITests.debug.xcconfig */;
			buildSettings = {
				CODE_SIGN_STYLE = Automatic;
				CURRENT_PROJECT_VERSION = 1;
				DEVELOPMENT_TEAM = 8J9X9NN4Y8;
				GENERATE_INFOPLIST_FILE = YES;
				IPHONEOS_DEPLOYMENT_TARGET = 26.1;
				MARKETING_VERSION = 1.0;
				PRODUCT_BUNDLE_IDENTIFIER = com.cheon.ESTiOS5Team1UITests;
				PRODUCT_NAME = "$(TARGET_NAME)";
				STRING_CATALOG_GENERATE_SYMBOLS = NO;
				SWIFT_APPROACHABLE_CONCURRENCY = YES;
				SWIFT_EMIT_LOC_STRINGS = NO;
				SWIFT_UPCOMING_FEATURE_MEMBER_IMPORT_VISIBILITY = YES;
				SWIFT_VERSION = 5.0;
				TARGETED_DEVICE_FAMILY = "1,2";
				TEST_TARGET_NAME = ESTiOS5Team1;
			};
			name = Debug;
		};
		25C0326D2F0C972500CA196B /* Release */ = {
			isa = XCBuildConfiguration;
			baseConfigurationReference = 8836F5D8ED6FFEBD616F9889 /* Pods-ESTiOS5Team1-ESTiOS5Team1UITests.release.xcconfig */;
			buildSettings = {
				CODE_SIGN_STYLE = Automatic;
				CURRENT_PROJECT_VERSION = 1;
				DEVELOPMENT_TEAM = 8J9X9NN4Y8;
				GENERATE_INFOPLIST_FILE = YES;
				IPHONEOS_DEPLOYMENT_TARGET = 26.1;
				MARKETING_VERSION = 1.0;
				PRODUCT_BUNDLE_IDENTIFIER = com.cheon.ESTiOS5Team1UITests;
				PRODUCT_NAME = "$(TARGET_NAME)";
				STRING_CATALOG_GENERATE_SYMBOLS = NO;
				SWIFT_APPROACHABLE_CONCURRENCY = YES;
				SWIFT_EMIT_LOC_STRINGS = NO;
				SWIFT_UPCOMING_FEATURE_MEMBER_IMPORT_VISIBILITY = YES;
				SWIFT_VERSION = 5.0;
				TARGETED_DEVICE_FAMILY = "1,2";
				TEST_TARGET_NAME = ESTiOS5Team1;
			};
			name = Release;
		};
/* End XCBuildConfiguration section */

/* Begin XCConfigurationList section */
		25C0323D2F0C972400CA196B /* Build configuration list for PBXProject "ESTiOS5Team1" */ = {
			isa = XCConfigurationList;
			buildConfigurations = (
				25C032632F0C972500CA196B /* Debug */,
				25C032642F0C972500CA196B /* Release */,
			);
			defaultConfigurationIsVisible = 0;
			defaultConfigurationName = Release;
		};
		25C032652F0C972500CA196B /* Build configuration list for PBXNativeTarget "ESTiOS5Team1" */ = {
			isa = XCConfigurationList;
			buildConfigurations = (
				25C032662F0C972500CA196B /* Debug */,
				25C032672F0C972500CA196B /* Release */,
			);
			defaultConfigurationIsVisible = 0;
			defaultConfigurationName = Release;
		};
		25C032682F0C972500CA196B /* Build configuration list for PBXNativeTarget "ESTiOS5Team1Tests" */ = {
			isa = XCConfigurationList;
			buildConfigurations = (
				25C032692F0C972500CA196B /* Debug */,
				25C0326A2F0C972500CA196B /* Release */,
			);
			defaultConfigurationIsVisible = 0;
			defaultConfigurationName = Release;
		};
		25C0326B2F0C972500CA196B /* Build configuration list for PBXNativeTarget "ESTiOS5Team1UITests" */ = {
			isa = XCConfigurationList;
			buildConfigurations = (
				25C0326C2F0C972500CA196B /* Debug */,
				25C0326D2F0C972500CA196B /* Release */,
			);
			defaultConfigurationIsVisible = 0;
			defaultConfigurationName = Release;
		};
/* End XCConfigurationList section */
	};
	rootObject = 25C0323A2F0C972400CA196B /* Project object */;
}
